
Microsoft Visual Studio Solution File, Format Version 12.00
# Visual Studio 15
VisualStudioVersion = 15.0.26228.9
MinimumVisualStudioVersion = 10.0.40219.1
Project("{FAE04EC0-301F-11D3-BF4B-00C04F79EFBC}") = "blogging", "blogging\blogging.csproj", "{81E340B9-0E38-4EAE-B521-7EEB1E6A9BEF}"
EndProject
Global
	GlobalSection(SolutionConfigurationPlatforms) = preSolution
		Debug|Any CPU = Debug|Any CPU
		Release|Any CPU = Release|Any CPU
	EndGlobalSection
	GlobalSection(ProjectConfigurationPlatforms) = postSolution
		{81E340B9-0E38-4EAE-B521-7EEB1E6A9BEF}.Debug|Any CPU.ActiveCfg = Debug|Any CPU
		{81E340B9-0E38-4EAE-B521-7EEB1E6A9BEF}.Debug|Any CPU.Build.0 = Debug|Any CPU
		{81E340B9-0E38-4EAE-B521-7EEB1E6A9BEF}.Release|Any CPU.ActiveCfg = Release|Any CPU
		{81E340B9-0E38-4EAE-B521-7EEB1E6A9BEF}.Release|Any CPU.Build.0 = Release|Any CPU
	EndGlobalSection
	GlobalSection(SolutionProperties) = preSolution
		HideSolutionNode = FALSE
	EndGlobalSection
EndGlobal
